// !$*UTF8*$!
{
	archiveVersion = 1;
	classes = {
	};
	objectVersion = 55;
	objects = {

/* Begin PBXBuildFile section */
		39687CAD27F045D400C0ED34 /* AppDelegate.swift in Sources */ = {isa = PBXBuildFile; fileRef = 39687CAC27F045D400C0ED34 /* AppDelegate.swift */; };
		39687CAF27F045D400C0ED34 /* SceneDelegate.swift in Sources */ = {isa = PBXBuildFile; fileRef = 39687CAE27F045D400C0ED34 /* SceneDelegate.swift */; };
		39687CB127F045D400C0ED34 /* ViewController.swift in Sources */ = {isa = PBXBuildFile; fileRef = 39687CB027F045D400C0ED34 /* ViewController.swift */; };
		39687CB427F045D400C0ED34 /* Main.storyboard in Resources */ = {isa = PBXBuildFile; fileRef = 39687CB227F045D400C0ED34 /* Main.storyboard */; };
		39687CB627F045D500C0ED34 /* Assets.xcassets in Resources */ = {isa = PBXBuildFile; fileRef = 39687CB527F045D500C0ED34 /* Assets.xcassets */; };
		39687CB927F045D500C0ED34 /* LaunchScreen.storyboard in Resources */ = {isa = PBXBuildFile; fileRef = 39687CB727F045D500C0ED34 /* LaunchScreen.storyboard */; };
		39687CC427F045D600C0ED34 /* NewSceneCleanSwiftArhitectureTests.swift in Sources */ = {isa = PBXBuildFile; fileRef = 39687CC327F045D600C0ED34 /* NewSceneCleanSwiftArhitectureTests.swift */; };
		39687CCE27F045D600C0ED34 /* NewSceneCleanSwiftArhitectureUITests.swift in Sources */ = {isa = PBXBuildFile; fileRef = 39687CCD27F045D600C0ED34 /* NewSceneCleanSwiftArhitectureUITests.swift */; };
		39687CD027F045D600C0ED34 /* NewSceneCleanSwiftArhitectureUITestsLaunchTests.swift in Sources */ = {isa = PBXBuildFile; fileRef = 39687CCF27F045D600C0ED34 /* NewSceneCleanSwiftArhitectureUITestsLaunchTests.swift */; };
/* End PBXBuildFile section */

/* Begin PBXContainerItemProxy section */
		39687CC027F045D500C0ED34 /* PBXContainerItemProxy */ = {
			isa = PBXContainerItemProxy;
			containerPortal = 39687CA127F045D400C0ED34 /* Project object */;
			proxyType = 1;
			remoteGlobalIDString = 39687CA827F045D400C0ED34;
			remoteInfo = NewSceneCleanSwiftArhitecture;
		};
		39687CCA27F045D600C0ED34 /* PBXContainerItemProxy */ = {
			isa = PBXContainerItemProxy;
			containerPortal = 39687CA127F045D400C0ED34 /* Project object */;
			proxyType = 1;
			remoteGlobalIDString = 39687CA827F045D400C0ED34;
			remoteInfo = NewSceneCleanSwiftArhitecture;
		};
/* End PBXContainerItemProxy section */

/* Begin PBXFileReference section */
		39687CA927F045D400C0ED34 /* NewSceneCleanSwiftArhitecture.app */ = {isa = PBXFileReference; explicitFileType = wrapper.application; includeInIndex = 0; path = NewSceneCleanSwiftArhitecture.app; sourceTree = BUILT_PRODUCTS_DIR; };
		39687CAC27F045D400C0ED34 /* AppDelegate.swift */ = {isa = PBXFileReference; lastKnownFileType = sourcecode.swift; path = AppDelegate.swift; sourceTree = "<group>"; };
		39687CAE27F045D400C0ED34 /* SceneDelegate.swift */ = {isa = PBXFileReference; lastKnownFileType = sourcecode.swift; path = SceneDelegate.swift; sourceTree = "<group>"; };
		39687CB027F045D400C0ED34 /* ViewController.swift */ = {isa = PBXFileReference; lastKnownFileType = sourcecode.swift; path = ViewController.swift; sourceTree = "<group>"; };
		39687CB327F045D400C0ED34 /* Base */ = {isa = PBXFileReference; lastKnownFileType = file.storyboard; name = Base; path = Base.lproj/Main.storyboard; sourceTree = "<group>"; };
		39687CB527F045D500C0ED34 /* Assets.xcassets */ = {isa = PBXFileReference; lastKnownFileType = folder.assetcatalog; path = Assets.xcassets; sourceTree = "<group>"; };
		39687CB827F045D500C0ED34 /* Base */ = {isa = PBXFileReference; lastKnownFileType = file.storyboard; name = Base; path = Base.lproj/LaunchScreen.storyboard; sourceTree = "<group>"; };
		39687CBA27F045D500C0ED34 /* Info.plist */ = {isa = PBXFileReference; lastKnownFileType = text.plist.xml; path = Info.plist; sourceTree = "<group>"; };
		39687CBF27F045D500C0ED34 /* NewSceneCleanSwiftArhitectureTests.xctest */ = {isa = PBXFileReference; explicitFileType = wrapper.cfbundle; includeInIndex = 0; path = NewSceneCleanSwiftArhitectureTests.xctest; sourceTree = BUILT_PRODUCTS_DIR; };
		39687CC327F045D600C0ED34 /* NewSceneCleanSwiftArhitectureTests.swift */ = {isa = PBXFileReference; lastKnownFileType = sourcecode.swift; path = NewSceneCleanSwiftArhitectureTests.swift; sourceTree = "<group>"; };
		39687CC927F045D600C0ED34 /* NewSceneCleanSwiftArhitectureUITests.xctest */ = {isa = PBXFileReference; explicitFileType = wrapper.cfbundle; includeInIndex = 0; path = NewSceneCleanSwiftArhitectureUITests.xctest; sourceTree = BUILT_PRODUCTS_DIR; };
		39687CCD27F045D600C0ED34 /* NewSceneCleanSwiftArhitectureUITests.swift */ = {isa = PBXFileReference; lastKnownFileType = sourcecode.swift; path = NewSceneCleanSwiftArhitectureUITests.swift; sourceTree = "<group>"; };
		39687CCF27F045D600C0ED34 /* NewSceneCleanSwiftArhitectureUITestsLaunchTests.swift */ = {isa = PBXFileReference; lastKnownFileType = sourcecode.swift; path = NewSceneCleanSwiftArhitectureUITestsLaunchTests.swift; sourceTree = "<group>"; };
/* End PBXFileReference section */

/* Begin PBXFrameworksBuildPhase section */
		39687CA627F045D400C0ED34 /* Frameworks */ = {
			isa = PBXFrameworksBuildPhase;
			buildActionMask = 2147483647;
			files = (
			);
			runOnlyForDeploymentPostprocessing = 0;
		};
		39687CBC27F045D500C0ED34 /* Frameworks */ = {
			isa = PBXFrameworksBuildPhase;
			buildActionMask = 2147483647;
			files = (
			);
			runOnlyForDeploymentPostprocessing = 0;
		};
		39687CC627F045D600C0ED34 /* Frameworks */ = {
			isa = PBXFrameworksBuildPhase;
			buildActionMask = 2147483647;
			files = (
			);
			runOnlyForDeploymentPostprocessing = 0;
		};
/* End PBXFrameworksBuildPhase section */

/* Begin PBXGroup section */
		39687CA027F045D400C0ED34 = {
			isa = PBXGroup;
			children = (
				39687CAB27F045D400C0ED34 /* NewSceneCleanSwiftArhitecture */,
				39687CC227F045D600C0ED34 /* NewSceneCleanSwiftArhitectureTests */,
				39687CCC27F045D600C0ED34 /* NewSceneCleanSwiftArhitectureUITests */,
				39687CAA27F045D400C0ED34 /* Products */,
			);
			sourceTree = "<group>";
		};
		39687CAA27F045D400C0ED34 /* Products */ = {
			isa = PBXGroup;
			children = (
				39687CA927F045D400C0ED34 /* NewSceneCleanSwiftArhitecture.app */,
				39687CBF27F045D500C0ED34 /* NewSceneCleanSwiftArhitectureTests.xctest */,
				39687CC927F045D600C0ED34 /* NewSceneCleanSwiftArhitectureUITests.xctest */,
			);
			name = Products;
			sourceTree = "<group>";
		};
		39687CAB27F045D400C0ED34 /* NewSceneCleanSwiftArhitecture */ = {
			isa = PBXGroup;
			children = (
				39687CAC27F045D400C0ED34 /* AppDelegate.swift */,
				39687CAE27F045D400C0ED34 /* SceneDelegate.swift */,
				39687CB027F045D400C0ED34 /* ViewController.swift */,
				39687CB227F045D400C0ED34 /* Main.storyboard */,
				39687CB527F045D500C0ED34 /* Assets.xcassets */,
				39687CB727F045D500C0ED34 /* LaunchScreen.storyboard */,
				39687CBA27F045D500C0ED34 /* Info.plist */,
			);
			path = NewSceneCleanSwiftArhitecture;
			sourceTree = "<group>";
		};
		39687CC227F045D600C0ED34 /* NewSceneCleanSwiftArhitectureTests */ = {
			isa = PBXGroup;
			children = (
				39687CC327F045D600C0ED34 /* NewSceneCleanSwiftArhitectureTests.swift */,
			);
			path = NewSceneCleanSwiftArhitectureTests;
			sourceTree = "<group>";
		};
		39687CCC27F045D600C0ED34 /* NewSceneCleanSwiftArhitectureUITests */ = {
			isa = PBXGroup;
			children = (
				39687CCD27F045D600C0ED34 /* NewSceneCleanSwiftArhitectureUITests.swift */,
				39687CCF27F045D600C0ED34 /* NewSceneCleanSwiftArhitectureUITestsLaunchTests.swift */,
			);
			path = NewSceneCleanSwiftArhitectureUITests;
			sourceTree = "<group>";
		};
/* End PBXGroup section */

/* Begin PBXNativeTarget section */
		39687CA827F045D400C0ED34 /* NewSceneCleanSwiftArhitecture */ = {
			isa = PBXNativeTarget;
			buildConfigurationList = 39687CD327F045D600C0ED34 /* Build configuration list for PBXNativeTarget "NewSceneCleanSwiftArhitecture" */;
			buildPhases = (
				39687CA527F045D400C0ED34 /* Sources */,
				39687CA627F045D400C0ED34 /* Frameworks */,
				39687CA727F045D400C0ED34 /* Resources */,
			);
			buildRules = (
			);
			dependencies = (
			);
			name = NewSceneCleanSwiftArhitecture;
			productName = NewSceneCleanSwiftArhitecture;
			productReference = 39687CA927F045D400C0ED34 /* NewSceneCleanSwiftArhitecture.app */;
			productType = "com.apple.product-type.application";
		};
		39687CBE27F045D500C0ED34 /* NewSceneCleanSwiftArhitectureTests */ = {
			isa = PBXNativeTarget;
			buildConfigurationList = 39687CD627F045D600C0ED34 /* Build configuration list for PBXNativeTarget "NewSceneCleanSwiftArhitectureTests" */;
			buildPhases = (
				39687CBB27F045D500C0ED34 /* Sources */,
				39687CBC27F045D500C0ED34 /* Frameworks */,
				39687CBD27F045D500C0ED34 /* Resources */,
			);
			buildRules = (
			);
			dependencies = (
				39687CC127F045D500C0ED34 /* PBXTargetDependency */,
			);
			name = NewSceneCleanSwiftArhitectureTests;
			productName = NewSceneCleanSwiftArhitectureTests;
			productReference = 39687CBF27F045D500C0ED34 /* NewSceneCleanSwiftArhitectureTests.xctest */;
			productType = "com.apple.product-type.bundle.unit-test";
		};
		39687CC827F045D600C0ED34 /* NewSceneCleanSwiftArhitectureUITests */ = {
			isa = PBXNativeTarget;
			buildConfigurationList = 39687CD927F045D600C0ED34 /* Build configuration list for PBXNativeTarget "NewSceneCleanSwiftArhitectureUITests" */;
			buildPhases = (
				39687CC527F045D600C0ED34 /* Sources */,
				39687CC627F045D600C0ED34 /* Frameworks */,
				39687CC727F045D600C0ED34 /* Resources */,
			);
			buildRules = (
			);
			dependencies = (
				39687CCB27F045D600C0ED34 /* PBXTargetDependency */,
			);
			name = NewSceneCleanSwiftArhitectureUITests;
			productName = NewSceneCleanSwiftArhitectureUITests;
			productReference = 39687CC927F045D600C0ED34 /* NewSceneCleanSwiftArhitectureUITests.xctest */;
			productType = "com.apple.product-type.bundle.ui-testing";
		};
/* End PBXNativeTarget section */

/* Begin PBXProject section */
		39687CA127F045D400C0ED34 /* Project object */ = {
			isa = PBXProject;
			attributes = {
				BuildIndependentTargetsInParallel = 1;
				LastSwiftUpdateCheck = 1320;
				LastUpgradeCheck = 1320;
				TargetAttributes = {
					39687CA827F045D400C0ED34 = {
						CreatedOnToolsVersion = 13.2.1;
					};
					39687CBE27F045D500C0ED34 = {
						CreatedOnToolsVersion = 13.2.1;
						TestTargetID = 39687CA827F045D400C0ED34;
					};
					39687CC827F045D600C0ED34 = {
						CreatedOnToolsVersion = 13.2.1;
						TestTargetID = 39687CA827F045D400C0ED34;
					};
				};
			};
			buildConfigurationList = 39687CA427F045D400C0ED34 /* Build configuration list for PBXProject "NewSceneCleanSwiftArhitecture" */;
			compatibilityVersion = "Xcode 13.0";
			developmentRegion = en;
			hasScannedForEncodings = 0;
			knownRegions = (
				en,
				Base,
			);
			mainGroup = 39687CA027F045D400C0ED34;
			productRefGroup = 39687CAA27F045D400C0ED34 /* Products */;
			projectDirPath = "";
			projectRoot = "";
			targets = (
				39687CA827F045D400C0ED34 /* NewSceneCleanSwiftArhitecture */,
				39687CBE27F045D500C0ED34 /* NewSceneCleanSwiftArhitectureTests */,
				39687CC827F045D600C0ED34 /* NewSceneCleanSwiftArhitectureUITests */,
			);
		};
/* End PBXProject section */

/* Begin PBXResourcesBuildPhase section */
		39687CA727F045D400C0ED34 /* Resources */ = {
			isa = PBXResourcesBuildPhase;
			buildActionMask = 2147483647;
			files = (
				39687CB927F045D500C0ED34 /* LaunchScreen.storyboard in Resources */,
				39687CB627F045D500C0ED34 /* Assets.xcassets in Resources */,
				39687CB427F045D400C0ED34 /* Main.storyboard in Resources */,
			);
			runOnlyForDeploymentPostprocessing = 0;
		};
		39687CBD27F045D500C0ED34 /* Resources */ = {
			isa = PBXResourcesBuildPhase;
			buildActionMask = 2147483647;
			files = (
			);
			runOnlyForDeploymentPostprocessing = 0;
		};
		39687CC727F045D600C0ED34 /* Resources */ = {
			isa = PBXResourcesBuildPhase;
			buildActionMask = 2147483647;
			files = (
			);
			runOnlyForDeploymentPostprocessing = 0;
		};
/* End PBXResourcesBuildPhase section */

/* Begin PBXSourcesBuildPhase section */
		39687CA527F045D400C0ED34 /* Sources */ = {
			isa = PBXSourcesBuildPhase;
			buildActionMask = 2147483647;
			files = (
				39687CB127F045D400C0ED34 /* ViewController.swift in Sources */,
				39687CAD27F045D400C0ED34 /* AppDelegate.swift in Sources */,
				39687CAF27F045D400C0ED34 /* SceneDelegate.swift in Sources */,
			);
			runOnlyForDeploymentPostprocessing = 0;
		};
		39687CBB27F045D500C0ED34 /* Sources */ = {
			isa = PBXSourcesBuildPhase;
			buildActionMask = 2147483647;
			files = (
				39687CC427F045D600C0ED34 /* NewSceneCleanSwiftArhitectureTests.swift in Sources */,
			);
			runOnlyForDeploymentPostprocessing = 0;
		};
		39687CC527F045D600C0ED34 /* Sources */ = {
			isa = PBXSourcesBuildPhase;
			buildActionMask = 2147483647;
			files = (
				39687CCE27F045D600C0ED34 /* NewSceneCleanSwiftArhitectureUITests.swift in Sources */,
				39687CD027F045D600C0ED34 /* NewSceneCleanSwiftArhitectureUITestsLaunchTests.swift in Sources */,
			);
			runOnlyForDeploymentPostprocessing = 0;
		};
/* End PBXSourcesBuildPhase section */

/* Begin PBXTargetDependency section */
		39687CC127F045D500C0ED34 /* PBXTargetDependency */ = {
			isa = PBXTargetDependency;
			target = 39687CA827F045D400C0ED34 /* NewSceneCleanSwiftArhitecture */;
			targetProxy = 39687CC027F045D500C0ED34 /* PBXContainerItemProxy */;
		};
		39687CCB27F045D600C0ED34 /* PBXTargetDependency */ = {
			isa = PBXTargetDependency;
			target = 39687CA827F045D400C0ED34 /* NewSceneCleanSwiftArhitecture */;
			targetProxy = 39687CCA27F045D600C0ED34 /* PBXContainerItemProxy */;
		};
/* End PBXTargetDependency section */

/* Begin PBXVariantGroup section */
		39687CB227F045D400C0ED34 /* Main.storyboard */ = {
			isa = PBXVariantGroup;
			children = (
				39687CB327F045D400C0ED34 /* Base */,
			);
			name = Main.storyboard;
			sourceTree = "<group>";
		};
		39687CB727F045D500C0ED34 /* LaunchScreen.storyboard */ = {
			isa = PBXVariantGroup;
			children = (
				39687CB827F045D500C0ED34 /* Base */,
			);
			name = LaunchScreen.storyboard;
			sourceTree = "<group>";
		};
/* End PBXVariantGroup section */

/* Begin XCBuildConfiguration section */
		39687CD127F045D600C0ED34 /* Debug */ = {
			isa = XCBuildConfiguration;
			buildSettings = {
				ALWAYS_SEARCH_USER_PATHS = NO;
				CLANG_ANALYZER_NONNULL = YES;
				CLANG_ANALYZER_NUMBER_OBJECT_CONVERSION = YES_AGGRESSIVE;
				CLANG_CXX_LANGUAGE_STANDARD = "gnu++17";
				CLANG_CXX_LIBRARY = "libc++";
				CLANG_ENABLE_MODULES = YES;
				CLANG_ENABLE_OBJC_ARC = YES;
				CLANG_ENABLE_OBJC_WEAK = YES;
				CLANG_WARN_BLOCK_CAPTURE_AUTORELEASING = YES;
				CLANG_WARN_BOOL_CONVERSION = YES;
				CLANG_WARN_COMMA = YES;
				CLANG_WARN_CONSTANT_CONVERSION = YES;
				CLANG_WARN_DEPRECATED_OBJC_IMPLEMENTATIONS = YES;
				CLANG_WARN_DIRECT_OBJC_ISA_USAGE = YES_ERROR;
				CLANG_WARN_DOCUMENTATION_COMMENTS = YES;
				CLANG_WARN_EMPTY_BODY = YES;
				CLANG_WARN_ENUM_CONVERSION = YES;
				CLANG_WARN_INFINITE_RECURSION = YES;
				CLANG_WARN_INT_CONVERSION = YES;
				CLANG_WARN_NON_LITERAL_NULL_CONVERSION = YES;
				CLANG_WARN_OBJC_IMPLICIT_RETAIN_SELF = YES;
				CLANG_WARN_OBJC_LITERAL_CONVERSION = YES;
				CLANG_WARN_OBJC_ROOT_CLASS = YES_ERROR;
				CLANG_WARN_QUOTED_INCLUDE_IN_FRAMEWORK_HEADER = YES;
				CLANG_WARN_RANGE_LOOP_ANALYSIS = YES;
				CLANG_WARN_STRICT_PROTOTYPES = YES;
				CLANG_WARN_SUSPICIOUS_MOVE = YES;
				CLANG_WARN_UNGUARDED_AVAILABILITY = YES_AGGRESSIVE;
				CLANG_WARN_UNREACHABLE_CODE = YES;
				CLANG_WARN__DUPLICATE_METHOD_MATCH = YES;
				COPY_PHASE_STRIP = NO;
				DEBUG_INFORMATION_FORMAT = dwarf;
				ENABLE_STRICT_OBJC_MSGSEND = YES;
				ENABLE_TESTABILITY = YES;
				GCC_C_LANGUAGE_STANDARD = gnu11;
				GCC_DYNAMIC_NO_PIC = NO;
				GCC_NO_COMMON_BLOCKS = YES;
				GCC_OPTIMIZATION_LEVEL = 0;
				GCC_PREPROCESSOR_DEFINITIONS = (
					"DEBUG=1",
					"$(inherited)",
				);
				GCC_WARN_64_TO_32_BIT_CONVERSION = YES;
				GCC_WARN_ABOUT_RETURN_TYPE = YES_ERROR;
				GCC_WARN_UNDECLARED_SELECTOR = YES;
				GCC_WARN_UNINITIALIZED_AUTOS = YES_AGGRESSIVE;
				GCC_WARN_UNUSED_FUNCTION = YES;
				GCC_WARN_UNUSED_VARIABLE = YES;
				IPHONEOS_DEPLOYMENT_TARGET = 15.2;
				MTL_ENABLE_DEBUG_INFO = INCLUDE_SOURCE;
				MTL_FAST_MATH = YES;
				ONLY_ACTIVE_ARCH = YES;
				SDKROOT = iphoneos;
				SWIFT_ACTIVE_COMPILATION_CONDITIONS = DEBUG;
				SWIFT_OPTIMIZATION_LEVEL = "-Onone";
			};
			name = Debug;
		};
		39687CD227F045D600C0ED34 /* Release */ = {
			isa = XCBuildConfiguration;
			buildSettings = {
				ALWAYS_SEARCH_USER_PATHS = NO;
				CLANG_ANALYZER_NONNULL = YES;
				CLANG_ANALYZER_NUMBER_OBJECT_CONVERSION = YES_AGGRESSIVE;
				CLANG_CXX_LANGUAGE_STANDARD = "gnu++17";
				CLANG_CXX_LIBRARY = "libc++";
				CLANG_ENABLE_MODULES = YES;
				CLANG_ENABLE_OBJC_ARC = YES;
				CLANG_ENABLE_OBJC_WEAK = YES;
				CLANG_WARN_BLOCK_CAPTURE_AUTORELEASING = YES;
				CLANG_WARN_BOOL_CONVERSION = YES;
				CLANG_WARN_COMMA = YES;
				CLANG_WARN_CONSTANT_CONVERSION = YES;
				CLANG_WARN_DEPRECATED_OBJC_IMPLEMENTATIONS = YES;
				CLANG_WARN_DIRECT_OBJC_ISA_USAGE = YES_ERROR;
				CLANG_WARN_DOCUMENTATION_COMMENTS = YES;
				CLANG_WARN_EMPTY_BODY = YES;
				CLANG_WARN_ENUM_CONVERSION = YES;
				CLANG_WARN_INFINITE_RECURSION = YES;
				CLANG_WARN_INT_CONVERSION = YES;
				CLANG_WARN_NON_LITERAL_NULL_CONVERSION = YES;
				CLANG_WARN_OBJC_IMPLICIT_RETAIN_SELF = YES;
				CLANG_WARN_OBJC_LITERAL_CONVERSION = YES;
				CLANG_WARN_OBJC_ROOT_CLASS = YES_ERROR;
				CLANG_WARN_QUOTED_INCLUDE_IN_FRAMEWORK_HEADER = YES;
				CLANG_WARN_RANGE_LOOP_ANALYSIS = YES;
				CLANG_WARN_STRICT_PROTOTYPES = YES;
				CLANG_WARN_SUSPICIOUS_MOVE = YES;
				CLANG_WARN_UNGUARDED_AVAILABILITY = YES_AGGRESSIVE;
				CLANG_WARN_UNREACHABLE_CODE = YES;
				CLANG_WARN__DUPLICATE_METHOD_MATCH = YES;
				COPY_PHASE_STRIP = NO;
				DEBUG_INFORMATION_FORMAT = "dwarf-with-dsym";
				ENABLE_NS_ASSERTIONS = NO;
				ENABLE_STRICT_OBJC_MSGSEND = YES;
				GCC_C_LANGUAGE_STANDARD = gnu11;
				GCC_NO_COMMON_BLOCKS = YES;
				GCC_WARN_64_TO_32_BIT_CONVERSION = YES;
				GCC_WARN_ABOUT_RETURN_TYPE = YES_ERROR;
				GCC_WARN_UNDECLARED_SELECTOR = YES;
				GCC_WARN_UNINITIALIZED_AUTOS = YES_AGGRESSIVE;
				GCC_WARN_UNUSED_FUNCTION = YES;
				GCC_WARN_UNUSED_VARIABLE = YES;
				IPHONEOS_DEPLOYMENT_TARGET = 15.2;
				MTL_ENABLE_DEBUG_INFO = NO;
				MTL_FAST_MATH = YES;
				SDKROOT = iphoneos;
				SWIFT_COMPILATION_MODE = wholemodule;
				SWIFT_OPTIMIZATION_LEVEL = "-O";
				VALIDATE_PRODUCT = YES;
			};
			name = Release;
		};
		39687CD427F045D600C0ED34 /* Debug */ = {
			isa = XCBuildConfiguration;
			buildSettings = {
				ASSETCATALOG_COMPILER_APPICON_NAME = AppIcon;
				ASSETCATALOG_COMPILER_GLOBAL_ACCENT_COLOR_NAME = AccentColor;
				CODE_SIGN_STYLE = Automatic;
				CURRENT_PROJECT_VERSION = 1;
				DEVELOPMENT_TEAM = A9J4WDMWF3;
				GENERATE_INFOPLIST_FILE = YES;
				INFOPLIST_FILE = NewSceneCleanSwiftArhitecture/Info.plist;
				INFOPLIST_KEY_UIApplicationSupportsIndirectInputEvents = YES;
				INFOPLIST_KEY_UILaunchStoryboardName = LaunchScreen;
				INFOPLIST_KEY_UIMainStoryboardFile = Main;
				INFOPLIST_KEY_UISupportedInterfaceOrientations_iPad = "UIInterfaceOrientationPortrait UIInterfaceOrientationPortraitUpsideDown UIInterfaceOrientationLandscapeLeft UIInterfaceOrientationLandscapeRight";
				INFOPLIST_KEY_UISupportedInterfaceOrientations_iPhone = "UIInterfaceOrientationPortrait UIInterfaceOrientationLandscapeLeft UIInterfaceOrientationLandscapeRight";
				LD_RUNPATH_SEARCH_PATHS = (
					"$(inherited)",
					"@executable_path/Frameworks",
				);
				MARKETING_VERSION = 1.0;
				PRODUCT_BUNDLE_IDENTIFIER = bulatK.NewSceneCleanSwiftArhitecture;
				PRODUCT_NAME = "$(TARGET_NAME)";
				SWIFT_EMIT_LOC_STRINGS = YES;
				SWIFT_VERSION = 5.0;
				TARGETED_DEVICE_FAMILY = "1,2";
			};
			name = Debug;
		};
		39687CD527F045D600C0ED34 /* Release */ = {
			isa = XCBuildConfiguration;
			buildSettings = {
				ASSETCATALOG_COMPILER_APPICON_NAME = AppIcon;
				ASSETCATALOG_COMPILER_GLOBAL_ACCENT_COLOR_NAME = AccentColor;
				CODE_SIGN_STYLE = Automatic;
				CURRENT_PROJECT_VERSION = 1;
				DEVELOPMENT_TEAM = A9J4WDMWF3;
				GENERATE_INFOPLIST_FILE = YES;
				INFOPLIST_FILE = NewSceneCleanSwiftArhitecture/Info.plist;
				INFOPLIST_KEY_UIApplicationSupportsIndirectInputEvents = YES;
				INFOPLIST_KEY_UILaunchStoryboardName = LaunchScreen;
				INFOPLIST_KEY_UIMainStoryboardFile = Main;
				INFOPLIST_KEY_UISupportedInterfaceOrientations_iPad = "UIInterfaceOrientationPortrait UIInterfaceOrientationPortraitUpsideDown UIInterfaceOrientationLandscapeLeft UIInterfaceOrientationLandscapeRight";
				INFOPLIST_KEY_UISupportedInterfaceOrientations_iPhone = "UIInterfaceOrientationPortrait UIInterfaceOrientationLandscapeLeft UIInterfaceOrientationLandscapeRight";
				LD_RUNPATH_SEARCH_PATHS = (
					"$(inherited)",
					"@executable_path/Frameworks",
				);
				MARKETING_VERSION = 1.0;
				PRODUCT_BUNDLE_IDENTIFIER = bulatK.NewSceneCleanSwiftArhitecture;
				PRODUCT_NAME = "$(TARGET_NAME)";
				SWIFT_EMIT_LOC_STRINGS = YES;
				SWIFT_VERSION = 5.0;
				TARGETED_DEVICE_FAMILY = "1,2";
			};
			name = Release;
		};
		39687CD727F045D600C0ED34 /* Debug */ = {
			isa = XCBuildConfiguration;
			buildSettings = {
				ALWAYS_EMBED_SWIFT_STANDARD_LIBRARIES = YES;
				BUNDLE_LOADER = "$(TEST_HOST)";
				CODE_SIGN_STYLE = Automatic;
				CURRENT_PROJECT_VERSION = 1;
				DEVELOPMENT_TEAM = A9J4WDMWF3;
				GENERATE_INFOPLIST_FILE = YES;
				IPHONEOS_DEPLOYMENT_TARGET = 15.2;
				MARKETING_VERSION = 1.0;
				PRODUCT_BUNDLE_IDENTIFIER = bulatK.NewSceneCleanSwiftArhitectureTests;
				PRODUCT_NAME = "$(TARGET_NAME)";
				SWIFT_EMIT_LOC_STRINGS = NO;
				SWIFT_VERSION = 5.0;
				TARGETED_DEVICE_FAMILY = "1,2";
				TEST_HOST = "$(BUILT_PRODUCTS_DIR)/NewSceneCleanSwiftArhitecture.app/NewSceneCleanSwiftArhitecture";
			};
			name = Debug;
		};
		39687CD827F045D600C0ED34 /* Release */ = {
			isa = XCBuildConfiguration;
			buildSettings = {
				ALWAYS_EMBED_SWIFT_STANDARD_LIBRARIES = YES;
				BUNDLE_LOADER = "$(TEST_HOST)";
				CODE_SIGN_STYLE = Automatic;
				CURRENT_PROJECT_VERSION = 1;
				DEVELOPMENT_TEAM = A9J4WDMWF3;
				GENERATE_INFOPLIST_FILE = YES;
				IPHONEOS_DEPLOYMENT_TARGET = 15.2;
				MARKETING_VERSION = 1.0;
				PRODUCT_BUNDLE_IDENTIFIER = bulatK.NewSceneCleanSwiftArhitectureTests;
				PRODUCT_NAME = "$(TARGET_NAME)";
				SWIFT_EMIT_LOC_STRINGS = NO;
				SWIFT_VERSION = 5.0;
				TARGETED_DEVICE_FAMILY = "1,2";
				TEST_HOST = "$(BUILT_PRODUCTS_DIR)/NewSceneCleanSwiftArhitecture.app/NewSceneCleanSwiftArhitecture";
			};
			name = Release;
		};
		39687CDA27F045D600C0ED34 /* Debug */ = {
			isa = XCBuildConfiguration;
			buildSettings = {
				ALWAYS_EMBED_SWIFT_STANDARD_LIBRARIES = YES;
				CODE_SIGN_STYLE = Automatic;
				CURRENT_PROJECT_VERSION = 1;
				DEVELOPMENT_TEAM = A9J4WDMWF3;
				GENERATE_INFOPLIST_FILE = YES;
				MARKETING_VERSION = 1.0;
				PRODUCT_BUNDLE_IDENTIFIER = bulatK.NewSceneCleanSwiftArhitectureUITests;
				PRODUCT_NAME = "$(TARGET_NAME)";
				SWIFT_EMIT_LOC_STRINGS = NO;
				SWIFT_VERSION = 5.0;
				TARGETED_DEVICE_FAMILY = "1,2";
				TEST_TARGET_NAME = NewSceneCleanSwiftArhitecture;
			};
			name = Debug;
		};
		39687CDB27F045D600C0ED34 /* Release */ = {
			isa = XCBuildConfiguration;
			buildSettings = {
				ALWAYS_EMBED_SWIFT_STANDARD_LIBRARIES = YES;
				CODE_SIGN_STYLE = Automatic;
				CURRENT_PROJECT_VERSION = 1;
				DEVELOPMENT_TEAM = A9J4WDMWF3;
				GENERATE_INFOPLIST_FILE = YES;
				MARKETING_VERSION = 1.0;
				PRODUCT_BUNDLE_IDENTIFIER = bulatK.NewSceneCleanSwiftArhitectureUITests;
				PRODUCT_NAME = "$(TARGET_NAME)";
				SWIFT_EMIT_LOC_STRINGS = NO;
				SWIFT_VERSION = 5.0;
				TARGETED_DEVICE_FAMILY = "1,2";
				TEST_TARGET_NAME = NewSceneCleanSwiftArhitecture;
			};
			name = Release;
		};
/* End XCBuildConfiguration section */

/* Begin XCConfigurationList section */
		39687CA427F045D400C0ED34 /* Build configuration list for PBXProject "NewSceneCleanSwiftArhitecture" */ = {
			isa = XCConfigurationList;
			buildConfigurations = (
				39687CD127F045D600C0ED34 /* Debug */,
				39687CD227F045D600C0ED34 /* Release */,
			);
			defaultConfigurationIsVisible = 0;
			defaultConfigurationName = Release;
		};
		39687CD327F045D600C0ED34 /* Build configuration list for PBXNativeTarget "NewSceneCleanSwiftArhitecture" */ = {
			isa = XCConfigurationList;
			buildConfigurations = (
				39687CD427F045D600C0ED34 /* Debug */,
				39687CD527F045D600C0ED34 /* Release */,
			);
			defaultConfigurationIsVisible = 0;
			defaultConfigurationName = Release;
		};
		39687CD627F045D600C0ED34 /* Build configuration list for PBXNativeTarget "NewSceneCleanSwiftArhitectureTests" */ = {
			isa = XCConfigurationList;
			buildConfigurations = (
				39687CD727F045D600C0ED34 /* Debug */,
				39687CD827F045D600C0ED34 /* Release */,
			);
			defaultConfigurationIsVisible = 0;
			defaultConfigurationName = Release;
		};
		39687CD927F045D600C0ED34 /* Build configuration list for PBXNativeTarget "NewSceneCleanSwiftArhitectureUITests" */ = {
			isa = XCConfigurationList;
			buildConfigurations = (
				39687CDA27F045D600C0ED34 /* Debug */,
				39687CDB27F045D600C0ED34 /* Release */,
			);
			defaultConfigurationIsVisible = 0;
			defaultConfigurationName = Release;
		};
/* End XCConfigurationList section */
	};
	rootObject = 39687CA127F045D400C0ED34 /* Project object */;
}
